
Microsoft Visual Studio Solution File, Format Version 12.00
Project("{FAE04EC0-301F-11D3-BF4B-00C04F79EFBC}") = "LanguageLibrary", "LanguageLibrary\LanguageLibrary.csproj", "{6C563A5C-FD27-4751-9DA0-5FC858CE29F1}"
EndProject
Project("{FAE04EC0-301F-11D3-BF4B-00C04F79EFBC}") = "Console.Language.Trainer", "Console.Language.Trainer\Console.Language.Trainer.csproj", "{159A4A75-E44B-44BD-9C11-7DEBD0DBE704}"
EndProject
Global
	GlobalSection(SolutionConfigurationPlatforms) = preSolution
		Debug|Any CPU = Debug|Any CPU
		Release|Any CPU = Release|Any CPU
	EndGlobalSection
	GlobalSection(ProjectConfigurationPlatforms) = postSolution
		{6C563A5C-FD27-4751-9DA0-5FC858CE29F1}.Debug|Any CPU.ActiveCfg = Debug|Any CPU
		{6C563A5C-FD27-4751-9DA0-5FC858CE29F1}.Debug|Any CPU.Build.0 = Debug|Any CPU
		{6C563A5C-FD27-4751-9DA0-5FC858CE29F1}.Release|Any CPU.ActiveCfg = Release|Any CPU
		{6C563A5C-FD27-4751-9DA0-5FC858CE29F1}.Release|Any CPU.Build.0 = Release|Any CPU
		{159A4A75-E44B-44BD-9C11-7DEBD0DBE704}.Debug|Any CPU.ActiveCfg = Debug|Any CPU
		{159A4A75-E44B-44BD-9C11-7DEBD0DBE704}.Debug|Any CPU.Build.0 = Debug|Any CPU
		{159A4A75-E44B-44BD-9C11-7DEBD0DBE704}.Release|Any CPU.ActiveCfg = Release|Any CPU
		{159A4A75-E44B-44BD-9C11-7DEBD0DBE704}.Release|Any CPU.Build.0 = Release|Any CPU
	EndGlobalSection
EndGlobal
